alert:
- debug
description: Detects restricted access to applications by the Software Restriction
  Policies (SRP) policy
filter:
- query:
    query_string:
      query: (Provider_Name:"Microsoft\-Windows\-SoftwareRestrictionPolicies" AND
        event_id:("865" OR "866" OR "867" OR "868" OR "882"))
index: wazuh-alerts*
name: win_software_restriction_policies_block
priority: 2
realert:
  minutes: 0
type: any

is_enabled: true
timestamp_type: iso
timestamp_field: '@timestamp'
